PODS:
  - Inline (0.3.2)
  - Posit (0.0.2)

DEPENDENCIES:
  - Inline (~> 0.3.2)
  - Posit (~> 0.0.2)

SPEC REPOS:
  trunk:
    - Inline
    - Posit

SPEC CHECKSUMS:
  Inline: 8ad9ed1e9cd535676f6475fc73e652a52433238b
  Posit: 4442cdd81e31b7494a9cc85dc0ef01b6b66dce92

PODFILE CHECKSUM: 3c217f12c713961d6f709d185070e09f5d368f7b

COCOAPODS: 1.9.1
