
PODS:
- Inline (0.2.0):
  - Transcript (~> 0.1.0)
- OCMock (2.0.1)
- Transcript (0.1.0)

DEPENDENCIES:
- Inline (~> 0.2.0)
- OCMock

SPEC CHECKSUMS:
  Inline: 44956d4be2971f54dfb4314a955b2d2276170939
  Transcript: 396a15997011487ea9ec018add2fa9a89a007973
  OCMock: 77a9c4c57af6bf258a537d34cf09abf422affede

COCOAPODS: 0.16.1
