// !$*UTF8*$!
{
	archiveVersion = 1;
	classes = {
	};
	objectVersion = 46;
	objects = {

/* Begin PBXBuildFile section */
		94F001B2164FBCBD00865938 /* Foundation.framework in Frameworks */ = {isa = PBXBuildFile; fileRef = 4EA630D2D5B540DE93F811CB /* Foundation.framework */; };
		94F001B8164FBCBD00865938 /* InfoPlist.strings in Resources */ = {isa = PBXBuildFile; fileRef = 94F001B6164FBCBD00865938 /* InfoPlist.strings */; };
		94F001BB164FBCBD00865938 /* Spec.m in Sources */ = {isa = PBXBuildFile; fileRef = 94F001BA164FBCBD00865938 /* Spec.m */; };
		94F001C5164FBD7400865938 /* BHVExample.m in Sources */ = {isa = PBXBuildFile; fileRef = 94F001C4164FBD7400865938 /* BHVExample.m */; };
		94F001C7164FBD9C00865938 /* SenTestingKit.framework in Frameworks */ = {isa = PBXBuildFile; fileRef = 94F001C6164FBD9C00865938 /* SenTestingKit.framework */; };
/* End PBXBuildFile section */

/* Begin PBXFileReference section */
		4EA630D2D5B540DE93F811CB /* Foundation.framework */ = {isa = PBXFileReference; includeInIndex = 1; lastKnownFileType = wrapper.framework; name = Foundation.framework; path = System/Library/Frameworks/Foundation.framework; sourceTree = SDKROOT; };
		94F001AD164FBCBD00865938 /* Specs.octest */ = {isa = PBXFileReference; explicitFileType = wrapper.cfbundle; includeInIndex = 0; path = Specs.octest; sourceTree = BUILT_PRODUCTS_DIR; };
		94F001B5164FBCBD00865938 /* Specs-Info.plist */ = {isa = PBXFileReference; lastKnownFileType = text.plist.xml; path = "Specs-Info.plist"; sourceTree = "<group>"; };
		94F001B7164FBCBD00865938 /* en */ = {isa = PBXFileReference; lastKnownFileType = text.plist.strings; name = en; path = en.lproj/InfoPlist.strings; sourceTree = "<group>"; };
		94F001BA164FBCBD00865938 /* Spec.m */ = {isa = PBXFileReference; lastKnownFileType = sourcecode.c.objc; path = Spec.m; sourceTree = "<group>"; };
		94F001BC164FBCBD00865938 /* Specs-Prefix.pch */ = {isa = PBXFileReference; lastKnownFileType = sourcecode.c.h; path = "Specs-Prefix.pch"; sourceTree = "<group>"; };
		94F001C2164FBD7400865938 /* Beehive.h */ = {isa = PBXFileReference; fileEncoding = 4; lastKnownFileType = sourcecode.c.h; path = Beehive.h; sourceTree = "<group>"; };
		94F001C3164FBD7400865938 /* BHVExample.h */ = {isa = PBXFileReference; fileEncoding = 4; lastKnownFileType = sourcecode.c.h; path = BHVExample.h; sourceTree = "<group>"; };
		94F001C4164FBD7400865938 /* BHVExample.m */ = {isa = PBXFileReference; fileEncoding = 4; lastKnownFileType = sourcecode.c.objc; path = BHVExample.m; sourceTree = "<group>"; };
		94F001C6164FBD9C00865938 /* SenTestingKit.framework */ = {isa = PBXFileReference; lastKnownFileType = wrapper.framework; name = SenTestingKit.framework; path = Library/Frameworks/SenTestingKit.framework; sourceTree = DEVELOPER_DIR; };
/* End PBXFileReference section */

/* Begin PBXFrameworksBuildPhase section */
		94F001A9164FBCBD00865938 /* Frameworks */ = {
			isa = PBXFrameworksBuildPhase;
			buildActionMask = 2147483647;
			files = (
				94F001B2164FBCBD00865938 /* Foundation.framework in Frameworks */,
				94F001C7164FBD9C00865938 /* SenTestingKit.framework in Frameworks */,
			);
			runOnlyForDeploymentPostprocessing = 0;
		};
/* End PBXFrameworksBuildPhase section */

/* Begin PBXGroup section */
		6905EBA0170F4DB2B6ABD556 /* Frameworks */ = {
			isa = PBXGroup;
			children = (
				4EA630D2D5B540DE93F811CB /* Foundation.framework */,
				94F001C6164FBD9C00865938 /* SenTestingKit.framework */,
			);
			name = Frameworks;
			sourceTree = "<group>";
		};
		902A64E5B3A644DF98729924 /* Products */ = {
			isa = PBXGroup;
			children = (
				94F001AD164FBCBD00865938 /* Specs.octest */,
			);
			name = Products;
			sourceTree = "<group>";
		};
		94F001B3164FBCBD00865938 /* Specs */ = {
			isa = PBXGroup;
			children = (
				94F001BA164FBCBD00865938 /* Spec.m */,
				94F001C0164FBD7400865938 /* Beehive */,
				94F001B4164FBCBD00865938 /* Supporting Files */,
			);
			path = Specs;
			sourceTree = "<group>";
		};
		94F001B4164FBCBD00865938 /* Supporting Files */ = {
			isa = PBXGroup;
			children = (
				94F001B5164FBCBD00865938 /* Specs-Info.plist */,
				94F001B6164FBCBD00865938 /* InfoPlist.strings */,
				94F001BC164FBCBD00865938 /* Specs-Prefix.pch */,
			);
			name = "Supporting Files";
			sourceTree = "<group>";
		};
		94F001C0164FBD7400865938 /* Beehive */ = {
			isa = PBXGroup;
			children = (
				94F001C2164FBD7400865938 /* Beehive.h */,
				94F001C3164FBD7400865938 /* BHVExample.h */,
				94F001C4164FBD7400865938 /* BHVExample.m */,
			);
			name = Beehive;
			path = ../../../Beehive;
			sourceTree = "<group>";
		};
		E7DADB4A6CA34089869F1F22 = {
			isa = PBXGroup;
			children = (
				94F001B3164FBCBD00865938 /* Specs */,
				902A64E5B3A644DF98729924 /* Products */,
				6905EBA0170F4DB2B6ABD556 /* Frameworks */,
			);
			sourceTree = "<group>";
		};
/* End PBXGroup section */

/* Begin PBXNativeTarget section */
		94F001AC164FBCBD00865938 /* Specs */ = {
			isa = PBXNativeTarget;
			buildConfigurationList = 94F001BD164FBCBD00865938 /* Build configuration list for PBXNativeTarget "Specs" */;
			buildPhases = (
				94F001A8164FBCBD00865938 /* Sources */,
				94F001A9164FBCBD00865938 /* Frameworks */,
				94F001AA164FBCBD00865938 /* Resources */,
				94F001AB164FBCBD00865938 /* ShellScript */,
			);
			buildRules = (
			);
			dependencies = (
			);
			name = Specs;
			productName = Specs;
			productReference = 94F001AD164FBCBD00865938 /* Specs.octest */;
			productType = "com.apple.product-type.bundle";
		};
/* End PBXNativeTarget section */

/* Begin PBXProject section */
		F14B06A0D01249A1A393B08A /* Project object */ = {
			isa = PBXProject;
			attributes = {
				LastUpgradeCheck = 0450;
			};
			buildConfigurationList = 80B08B03F1A84B4F9C88339F /* Build configuration list for PBXProject "Project" */;
			compatibilityVersion = "Xcode 3.2";
			developmentRegion = English;
			hasScannedForEncodings = 0;
			knownRegions = (
				en,
			);
			mainGroup = E7DADB4A6CA34089869F1F22;
			productRefGroup = 902A64E5B3A644DF98729924 /* Products */;
			projectDirPath = "";
			projectRoot = "";
			targets = (
				94F001AC164FBCBD00865938 /* Specs */,
			);
		};
/* End PBXProject section */

/* Begin PBXResourcesBuildPhase section */
		94F001AA164FBCBD00865938 /* Resources */ = {
			isa = PBXResourcesBuildPhase;
			buildActionMask = 2147483647;
			files = (
				94F001B8164FBCBD00865938 /* InfoPlist.strings in Resources */,
			);
			runOnlyForDeploymentPostprocessing = 0;
		};
/* End PBXResourcesBuildPhase section */

/* Begin PBXShellScriptBuildPhase section */
		94F001AB164FBCBD00865938 /* ShellScript */ = {
			isa = PBXShellScriptBuildPhase;
			buildActionMask = 2147483647;
			files = (
			);
			inputPaths = (
			);
			outputPaths = (
			);
			runOnlyForDeploymentPostprocessing = 0;
			shellPath = /bin/sh;
			shellScript = "# Run the unit tests in this test bundle.\n\"${SYSTEM_DEVELOPER_DIR}/Tools/RunUnitTests\"\n";
		};
/* End PBXShellScriptBuildPhase section */

/* Begin PBXSourcesBuildPhase section */
		94F001A8164FBCBD00865938 /* Sources */ = {
			isa = PBXSourcesBuildPhase;
			buildActionMask = 2147483647;
			files = (
				94F001BB164FBCBD00865938 /* Spec.m in Sources */,
				94F001C5164FBD7400865938 /* BHVExample.m in Sources */,
			);
			runOnlyForDeploymentPostprocessing = 0;
		};
/* End PBXSourcesBuildPhase section */

/* Begin PBXVariantGroup section */
		94F001B6164FBCBD00865938 /* InfoPlist.strings */ = {
			isa = PBXVariantGroup;
			children = (
				94F001B7164FBCBD00865938 /* en */,
			);
			name = InfoPlist.strings;
			sourceTree = "<group>";
		};
/* End PBXVariantGroup section */

/* Begin XCBuildConfiguration section */
		94F001BE164FBCBD00865938 /* Release */ = {
			isa = XCBuildConfiguration;
			buildSettings = {
				ALWAYS_SEARCH_USER_PATHS = NO;
				CLANG_CXX_LANGUAGE_STANDARD = "gnu++0x";
				CLANG_CXX_LIBRARY = "libc++";
				CLANG_ENABLE_OBJC_ARC = YES;
				CLANG_WARN_EMPTY_BODY = YES;
				CLANG_WARN__DUPLICATE_METHOD_MATCH = YES;
				COPY_PHASE_STRIP = YES;
				FRAMEWORK_SEARCH_PATHS = (
					"\"$(SDKROOT)/Developer/Library/Frameworks\"",
					"\"$(DEVELOPER_LIBRARY_DIR)/Frameworks\"",
				);
				GCC_C_LANGUAGE_STANDARD = gnu99;
				GCC_PRECOMPILE_PREFIX_HEADER = YES;
				GCC_PREFIX_HEADER = "Specs/Specs-Prefix.pch";
				GCC_WARN_ABOUT_RETURN_TYPE = YES;
				GCC_WARN_UNINITIALIZED_AUTOS = YES;
				GCC_WARN_UNUSED_VARIABLE = YES;
				INFOPLIST_FILE = "Specs/Specs-Info.plist";
				IPHONEOS_DEPLOYMENT_TARGET = 6.0;
				PRODUCT_NAME = "$(TARGET_NAME)";
				SDKROOT = iphoneos;
				VALIDATE_PRODUCT = YES;
				WRAPPER_EXTENSION = octest;
			};
			name = Release;
		};
		94F001BF164FBCBD00865938 /* Debug */ = {
			isa = XCBuildConfiguration;
			buildSettings = {
				ALWAYS_SEARCH_USER_PATHS = NO;
				CLANG_CXX_LANGUAGE_STANDARD = "gnu++0x";
				CLANG_CXX_LIBRARY = "libc++";
				CLANG_ENABLE_OBJC_ARC = YES;
				CLANG_WARN_EMPTY_BODY = YES;
				CLANG_WARN__DUPLICATE_METHOD_MATCH = YES;
				COPY_PHASE_STRIP = NO;
				FRAMEWORK_SEARCH_PATHS = (
					"\"$(SDKROOT)/Developer/Library/Frameworks\"",
					"\"$(DEVELOPER_LIBRARY_DIR)/Frameworks\"",
				);
				GCC_C_LANGUAGE_STANDARD = gnu99;
				GCC_DYNAMIC_NO_PIC = NO;
				GCC_OPTIMIZATION_LEVEL = 0;
				GCC_PRECOMPILE_PREFIX_HEADER = YES;
				GCC_PREFIX_HEADER = "Specs/Specs-Prefix.pch";
				GCC_PREPROCESSOR_DEFINITIONS = (
					"DEBUG=1",
					"$(inherited)",
				);
				GCC_SYMBOLS_PRIVATE_EXTERN = NO;
				GCC_WARN_ABOUT_RETURN_TYPE = YES;
				GCC_WARN_UNINITIALIZED_AUTOS = YES;
				GCC_WARN_UNUSED_VARIABLE = YES;
				INFOPLIST_FILE = "Specs/Specs-Info.plist";
				IPHONEOS_DEPLOYMENT_TARGET = 6.0;
				ONLY_ACTIVE_ARCH = YES;
				PRODUCT_NAME = "$(TARGET_NAME)";
				SDKROOT = iphoneos;
				WRAPPER_EXTENSION = octest;
			};
			name = Debug;
		};
		C69F002E3EB843BFB814EE87 /* Release */ = {
			isa = XCBuildConfiguration;
			buildSettings = {
			};
			name = Release;
		};
		CC3540F601044A088FF359CD /* Debug */ = {
			isa = XCBuildConfiguration;
			buildSettings = {
			};
			name = Debug;
		};
/* End XCBuildConfiguration section */

/* Begin XCConfigurationList section */
		80B08B03F1A84B4F9C88339F /* Build configuration list for PBXProject "Project" */ = {
			isa = XCConfigurationList;
			buildConfigurations = (
				C69F002E3EB843BFB814EE87 /* Release */,
				CC3540F601044A088FF359CD /* Debug */,
			);
			defaultConfigurationIsVisible = 0;
			defaultConfigurationName = Release;
		};
		94F001BD164FBCBD00865938 /* Build configuration list for PBXNativeTarget "Specs" */ = {
			isa = XCConfigurationList;
			buildConfigurations = (
				94F001BE164FBCBD00865938 /* Release */,
				94F001BF164FBCBD00865938 /* Debug */,
			);
			defaultConfigurationIsVisible = 0;
		};
/* End XCConfigurationList section */
	};
	rootObject = F14B06A0D01249A1A393B08A /* Project object */;
}
