// !$*UTF8*$!
{
	archiveVersion = 1;
	classes = {
	};
	objectVersion = 46;
	objects = {

/* Begin PBXBuildFile section */
		552E917CAD5641DE9EB051E3 /* libPods-Unit Tests.a in Frameworks */ = {isa = PBXBuildFile; fileRef = 65E660B506F740DCA72A54B1 /* libPods-Unit Tests.a */; };
		9403759A16656CC0008332F9 /* BHVNode.m in Sources */ = {isa = PBXBuildFile; fileRef = 9403759916656CC0008332F9 /* BHVNode.m */; };
		9403759D166570E7008332F9 /* BHVContext.m in Sources */ = {isa = PBXBuildFile; fileRef = 9403759C166570E7008332F9 /* BHVContext.m */; };
		940375A0166571AB008332F9 /* BHVExample.m in Sources */ = {isa = PBXBuildFile; fileRef = 9403759F166571AB008332F9 /* BHVExample.m */; };
		94117FB41668D03500A8EA0E /* BHVExecutableNode.m in Sources */ = {isa = PBXBuildFile; fileRef = 94117FB31668D03500A8EA0E /* BHVExecutableNode.m */; };
		94221BC61668EA100030BB99 /* BHVDSL.m in Sources */ = {isa = PBXBuildFile; fileRef = 94221BC51668EA100030BB99 /* BHVDSL.m */; };
		94221BC91668EA1B0030BB99 /* BHVDSLTests.m in Sources */ = {isa = PBXBuildFile; fileRef = 94221BC81668EA1B0030BB99 /* BHVDSLTests.m */; };
		94221BCC1668F6A40030BB99 /* BHVContextTests.m in Sources */ = {isa = PBXBuildFile; fileRef = 94221BCB1668F6A40030BB99 /* BHVContextTests.m */; };
		94266FB5164EFA9B00BBC615 /* SenTestingKit.framework in Frameworks */ = {isa = PBXBuildFile; fileRef = 94266FB4164EFA9B00BBC615 /* SenTestingKit.framework */; };
		943D7384166806D20081863B /* BHVHookTests.m in Sources */ = {isa = PBXBuildFile; fileRef = 943D7383166806D20081863B /* BHVHookTests.m */; };
		947C4692165566850071139E /* SenTestingKit.framework in Frameworks */ = {isa = PBXBuildFile; fileRef = 94266FB4164EFA9B00BBC615 /* SenTestingKit.framework */; };
		947C4695165566850071139E /* Foundation.framework in Frameworks */ = {isa = PBXBuildFile; fileRef = 94ED2B821649A0A400D59570 /* Foundation.framework */; };
		947C46A4165566A90071139E /* libBeehive.a in Frameworks */ = {isa = PBXBuildFile; fileRef = 94ED2B7F1649A0A400D59570 /* libBeehive.a */; };
		948539E016514CA40010BF54 /* libBeehive.a in Frameworks */ = {isa = PBXBuildFile; fileRef = 94ED2B7F1649A0A400D59570 /* libBeehive.a */; };
		948539E91651531C0010BF54 /* BHVInvocation.m in Sources */ = {isa = PBXBuildFile; fileRef = 948539E81651531C0010BF54 /* BHVInvocation.m */; };
		94A5D21E1666938D00CFDAC3 /* BHVExampleTests.m in Sources */ = {isa = PBXBuildFile; fileRef = 94A5D21D1666938D00CFDAC3 /* BHVExampleTests.m */; };
		94A5D222166695FD00CFDAC3 /* BHVExampleAccumulatorTests.m in Sources */ = {isa = PBXBuildFile; fileRef = 94A5D221166695FD00CFDAC3 /* BHVExampleAccumulatorTests.m */; };
		94A5D2251666C13400CFDAC3 /* BHVExampleAccumulator.m in Sources */ = {isa = PBXBuildFile; fileRef = 94A5D2241666C13400CFDAC3 /* BHVExampleAccumulator.m */; };
		94D97ABA165D28C600282ABE /* BHVStructureSpec.m in Sources */ = {isa = PBXBuildFile; fileRef = 947C46AA165566DC0071139E /* BHVStructureSpec.m */; };
		94D97B86165D494700282ABE /* BHVTestHelper.m in Sources */ = {isa = PBXBuildFile; fileRef = 94D97B85165D494700282ABE /* BHVTestHelper.m */; };
		94E8DE101667F9CB00C8CAA2 /* BHVHooksSpec.m in Sources */ = {isa = PBXBuildFile; fileRef = 94E8DE0F1667F9CB00C8CAA2 /* BHVHooksSpec.m */; };
		94E8DE1D1667FC3B00C8CAA2 /* BHVHook.m in Sources */ = {isa = PBXBuildFile; fileRef = 94E8DE1C1667FC3B00C8CAA2 /* BHVHook.m */; };
		94ED2B831649A0A400D59570 /* Foundation.framework in Frameworks */ = {isa = PBXBuildFile; fileRef = 94ED2B821649A0A400D59570 /* Foundation.framework */; };
		94ED2B881649A0A400D59570 /* Beehive.h in CopyFiles */ = {isa = PBXBuildFile; fileRef = 94ED2B871649A0A400D59570 /* Beehive.h */; };
		94ED2B9A1649A0B800D59570 /* Foundation.framework in Frameworks */ = {isa = PBXBuildFile; fileRef = 94ED2B821649A0A400D59570 /* Foundation.framework */; };
		94F001D7164FF58A00865938 /* BHVSpec.m in Sources */ = {isa = PBXBuildFile; fileRef = 94F001D6164FF58A00865938 /* BHVSpec.m */; };
		94F001D8164FF5A700865938 /* SenTestingKit.framework in Frameworks */ = {isa = PBXBuildFile; fileRef = 94266FB4164EFA9B00BBC615 /* SenTestingKit.framework */; };
		94F001ED1650236400865938 /* BHVSuite.m in Sources */ = {isa = PBXBuildFile; fileRef = 94F001EC1650236400865938 /* BHVSuite.m */; };
		94F116871654205C003DCD0C /* BHVInvocationTests.m in Sources */ = {isa = PBXBuildFile; fileRef = 94F1167C1654205C003DCD0C /* BHVInvocationTests.m */; };
		94F1168A1654205C003DCD0C /* BHVSpecTests.m in Sources */ = {isa = PBXBuildFile; fileRef = 94F1167F1654205C003DCD0C /* BHVSpecTests.m */; };
		94F1168C1654205C003DCD0C /* BHVSuiteTests.m in Sources */ = {isa = PBXBuildFile; fileRef = 94F116811654205C003DCD0C /* BHVSuiteTests.m */; };
		D7AED3375DB946999D658841 /* libPods-Integrated Tests.a in Frameworks */ = {isa = PBXBuildFile; fileRef = C73FAFA800334CCCA0E5D34A /* libPods-Integrated Tests.a */; };
/* End PBXBuildFile section */

/* Begin PBXContainerItemProxy section */
		947C46A5165566AF0071139E /* PBXContainerItemProxy */ = {
			isa = PBXContainerItemProxy;
			containerPortal = 94ED2B761649A0A400D59570 /* Project object */;
			proxyType = 1;
			remoteGlobalIDString = 94ED2B7E1649A0A400D59570;
			remoteInfo = Beehive;
		};
		947C46A7165566B40071139E /* PBXContainerItemProxy */ = {
			isa = PBXContainerItemProxy;
			containerPortal = 94ED2B761649A0A400D59570 /* Project object */;
			proxyType = 1;
			remoteGlobalIDString = 94ED2B941649A0B800D59570;
			remoteInfo = "Unit Tests";
		};
		948539DE16514CA00010BF54 /* PBXContainerItemProxy */ = {
			isa = PBXContainerItemProxy;
			containerPortal = 94ED2B761649A0A400D59570 /* Project object */;
			proxyType = 1;
			remoteGlobalIDString = 94ED2B7E1649A0A400D59570;
			remoteInfo = Beehive;
		};
/* End PBXContainerItemProxy section */

/* Begin PBXCopyFilesBuildPhase section */
		94ED2B7D1649A0A400D59570 /* CopyFiles */ = {
			isa = PBXCopyFilesBuildPhase;
			buildActionMask = 2147483647;
			dstPath = "include/${PRODUCT_NAME}";
			dstSubfolderSpec = 16;
			files = (
				94ED2B881649A0A400D59570 /* Beehive.h in CopyFiles */,
			);
			runOnlyForDeploymentPostprocessing = 0;
		};
/* End PBXCopyFilesBuildPhase section */

/* Begin PBXFileReference section */
		65E660B506F740DCA72A54B1 /* libPods-Unit Tests.a */ = {isa = PBXFileReference; explicitFileType = archive.ar; includeInIndex = 0; path = "libPods-Unit Tests.a"; sourceTree = BUILT_PRODUCTS_DIR; };
		9403759816656CC0008332F9 /* BHVNode.h */ = {isa = PBXFileReference; fileEncoding = 4; lastKnownFileType = sourcecode.c.h; path = BHVNode.h; sourceTree = "<group>"; };
		9403759916656CC0008332F9 /* BHVNode.m */ = {isa = PBXFileReference; fileEncoding = 4; lastKnownFileType = sourcecode.c.objc; path = BHVNode.m; sourceTree = "<group>"; };
		9403759B166570E6008332F9 /* BHVContext.h */ = {isa = PBXFileReference; fileEncoding = 4; lastKnownFileType = sourcecode.c.h; path = BHVContext.h; sourceTree = "<group>"; };
		9403759C166570E7008332F9 /* BHVContext.m */ = {isa = PBXFileReference; fileEncoding = 4; lastKnownFileType = sourcecode.c.objc; path = BHVContext.m; sourceTree = "<group>"; };
		9403759E166571AB008332F9 /* BHVExample.h */ = {isa = PBXFileReference; fileEncoding = 4; lastKnownFileType = sourcecode.c.h; path = BHVExample.h; sourceTree = "<group>"; };
		9403759F166571AB008332F9 /* BHVExample.m */ = {isa = PBXFileReference; fileEncoding = 4; lastKnownFileType = sourcecode.c.objc; path = BHVExample.m; sourceTree = "<group>"; };
		94117FB21668D03500A8EA0E /* BHVExecutableNode.h */ = {isa = PBXFileReference; fileEncoding = 4; lastKnownFileType = sourcecode.c.h; path = BHVExecutableNode.h; sourceTree = "<group>"; };
		94117FB31668D03500A8EA0E /* BHVExecutableNode.m */ = {isa = PBXFileReference; fileEncoding = 4; lastKnownFileType = sourcecode.c.objc; path = BHVExecutableNode.m; sourceTree = "<group>"; };
		94221BC41668EA100030BB99 /* BHVDSL.h */ = {isa = PBXFileReference; fileEncoding = 4; lastKnownFileType = sourcecode.c.h; path = BHVDSL.h; sourceTree = "<group>"; };
		94221BC51668EA100030BB99 /* BHVDSL.m */ = {isa = PBXFileReference; fileEncoding = 4; lastKnownFileType = sourcecode.c.objc; path = BHVDSL.m; sourceTree = "<group>"; };
		94221BC81668EA1B0030BB99 /* BHVDSLTests.m */ = {isa = PBXFileReference; fileEncoding = 4; lastKnownFileType = sourcecode.c.objc; path = BHVDSLTests.m; sourceTree = "<group>"; };
		94221BCB1668F6A40030BB99 /* BHVContextTests.m */ = {isa = PBXFileReference; fileEncoding = 4; lastKnownFileType = sourcecode.c.objc; path = BHVContextTests.m; sourceTree = "<group>"; };
		94266FB4164EFA9B00BBC615 /* SenTestingKit.framework */ = {isa = PBXFileReference; lastKnownFileType = wrapper.framework; name = SenTestingKit.framework; path = Library/Frameworks/SenTestingKit.framework; sourceTree = DEVELOPER_DIR; };
		943D7383166806D20081863B /* BHVHookTests.m */ = {isa = PBXFileReference; fileEncoding = 4; lastKnownFileType = sourcecode.c.objc; path = BHVHookTests.m; sourceTree = "<group>"; };
		9471B0EB165E737E00754C6F /* BHVMacros.h */ = {isa = PBXFileReference; lastKnownFileType = sourcecode.c.h; path = BHVMacros.h; sourceTree = "<group>"; };
		947C4691165566850071139E /* Integrated Tests.octest */ = {isa = PBXFileReference; explicitFileType = wrapper.cfbundle; includeInIndex = 0; path = "Integrated Tests.octest"; sourceTree = BUILT_PRODUCTS_DIR; };
		947C4698165566850071139E /* Integrated Tests-Info.plist */ = {isa = PBXFileReference; lastKnownFileType = text.plist.xml; path = "Integrated Tests-Info.plist"; sourceTree = "<group>"; };
		947C469F165566850071139E /* Integrated Tests-Prefix.pch */ = {isa = PBXFileReference; lastKnownFileType = sourcecode.c.h; path = "Integrated Tests-Prefix.pch"; sourceTree = "<group>"; };
		947C46AA165566DC0071139E /* BHVStructureSpec.m */ = {isa = PBXFileReference; fileEncoding = 4; lastKnownFileType = sourcecode.c.objc; path = BHVStructureSpec.m; sourceTree = "<group>"; };
		948539E71651531C0010BF54 /* BHVInvocation.h */ = {isa = PBXFileReference; fileEncoding = 4; lastKnownFileType = sourcecode.c.h; path = BHVInvocation.h; sourceTree = "<group>"; };
		948539E81651531C0010BF54 /* BHVInvocation.m */ = {isa = PBXFileReference; fileEncoding = 4; lastKnownFileType = sourcecode.c.objc; path = BHVInvocation.m; sourceTree = "<group>"; };
		94A5D21D1666938D00CFDAC3 /* BHVExampleTests.m */ = {isa = PBXFileReference; fileEncoding = 4; lastKnownFileType = sourcecode.c.objc; path = BHVExampleTests.m; sourceTree = "<group>"; };
		94A5D221166695FD00CFDAC3 /* BHVExampleAccumulatorTests.m */ = {isa = PBXFileReference; fileEncoding = 4; lastKnownFileType = sourcecode.c.objc; path = BHVExampleAccumulatorTests.m; sourceTree = "<group>"; };
		94A5D2231666C13400CFDAC3 /* BHVExampleAccumulator.h */ = {isa = PBXFileReference; fileEncoding = 4; lastKnownFileType = sourcecode.c.h; path = BHVExampleAccumulator.h; sourceTree = "<group>"; };
		94A5D2241666C13400CFDAC3 /* BHVExampleAccumulator.m */ = {isa = PBXFileReference; fileEncoding = 4; lastKnownFileType = sourcecode.c.objc; path = BHVExampleAccumulator.m; sourceTree = "<group>"; };
		94A5D2261666C26B00CFDAC3 /* BHVNodeVisitor.h */ = {isa = PBXFileReference; lastKnownFileType = sourcecode.c.h; path = BHVNodeVisitor.h; sourceTree = "<group>"; };
		94D97B84165D494700282ABE /* BHVTestHelper.h */ = {isa = PBXFileReference; fileEncoding = 4; lastKnownFileType = sourcecode.c.h; path = BHVTestHelper.h; sourceTree = "<group>"; };
		94D97B85165D494700282ABE /* BHVTestHelper.m */ = {isa = PBXFileReference; fileEncoding = 4; lastKnownFileType = sourcecode.c.objc; path = BHVTestHelper.m; sourceTree = "<group>"; };
		94E8DE0F1667F9CB00C8CAA2 /* BHVHooksSpec.m */ = {isa = PBXFileReference; fileEncoding = 4; lastKnownFileType = sourcecode.c.objc; path = BHVHooksSpec.m; sourceTree = "<group>"; };
		94E8DE1B1667FC3B00C8CAA2 /* BHVHook.h */ = {isa = PBXFileReference; fileEncoding = 4; lastKnownFileType = sourcecode.c.h; path = BHVHook.h; sourceTree = "<group>"; };
		94E8DE1C1667FC3B00C8CAA2 /* BHVHook.m */ = {isa = PBXFileReference; fileEncoding = 4; lastKnownFileType = sourcecode.c.objc; path = BHVHook.m; sourceTree = "<group>"; };
		94ED2B7F1649A0A400D59570 /* libBeehive.a */ = {isa = PBXFileReference; explicitFileType = archive.ar; includeInIndex = 0; path = libBeehive.a; sourceTree = BUILT_PRODUCTS_DIR; };
		94ED2B821649A0A400D59570 /* Foundation.framework */ = {isa = PBXFileReference; lastKnownFileType = wrapper.framework; name = Foundation.framework; path = System/Library/Frameworks/Foundation.framework; sourceTree = SDKROOT; };
		94ED2B861649A0A400D59570 /* Beehive-Prefix.pch */ = {isa = PBXFileReference; lastKnownFileType = sourcecode.c.h; path = "Beehive-Prefix.pch"; sourceTree = "<group>"; };
		94ED2B871649A0A400D59570 /* Beehive.h */ = {isa = PBXFileReference; lastKnownFileType = sourcecode.c.h; path = Beehive.h; sourceTree = "<group>"; };
		94ED2B951649A0B800D59570 /* Unit Tests.octest */ = {isa = PBXFileReference; explicitFileType = wrapper.cfbundle; includeInIndex = 0; path = "Unit Tests.octest"; sourceTree = BUILT_PRODUCTS_DIR; };
		94F001D5164FF58A00865938 /* BHVSpec.h */ = {isa = PBXFileReference; fileEncoding = 4; lastKnownFileType = sourcecode.c.h; path = BHVSpec.h; sourceTree = "<group>"; };
		94F001D6164FF58A00865938 /* BHVSpec.m */ = {isa = PBXFileReference; fileEncoding = 4; lastKnownFileType = sourcecode.c.objc; path = BHVSpec.m; sourceTree = "<group>"; };
		94F001EB1650236400865938 /* BHVSuite.h */ = {isa = PBXFileReference; fileEncoding = 4; lastKnownFileType = sourcecode.c.h; path = BHVSuite.h; sourceTree = "<group>"; };
		94F001EC1650236400865938 /* BHVSuite.m */ = {isa = PBXFileReference; fileEncoding = 4; lastKnownFileType = sourcecode.c.objc; path = BHVSuite.m; sourceTree = "<group>"; };
		94F1167C1654205C003DCD0C /* BHVInvocationTests.m */ = {isa = PBXFileReference; fileEncoding = 4; lastKnownFileType = sourcecode.c.objc; path = BHVInvocationTests.m; sourceTree = "<group>"; };
		94F1167F1654205C003DCD0C /* BHVSpecTests.m */ = {isa = PBXFileReference; fileEncoding = 4; lastKnownFileType = sourcecode.c.objc; path = BHVSpecTests.m; sourceTree = "<group>"; };
		94F116811654205C003DCD0C /* BHVSuiteTests.m */ = {isa = PBXFileReference; fileEncoding = 4; lastKnownFileType = sourcecode.c.objc; path = BHVSuiteTests.m; sourceTree = "<group>"; };
		94F116821654205C003DCD0C /* Unit Tests-Info.plist */ = {isa = PBXFileReference; fileEncoding = 4; lastKnownFileType = text.plist.xml; path = "Unit Tests-Info.plist"; sourceTree = "<group>"; };
		94F116831654205C003DCD0C /* Unit Tests-Prefix.pch */ = {isa = PBXFileReference; fileEncoding = 4; lastKnownFileType = sourcecode.c.h; path = "Unit Tests-Prefix.pch"; sourceTree = "<group>"; };
		C73FAFA800334CCCA0E5D34A /* libPods-Integrated Tests.a */ = {isa = PBXFileReference; explicitFileType = archive.ar; includeInIndex = 0; path = "libPods-Integrated Tests.a"; sourceTree = BUILT_PRODUCTS_DIR; };
		CF135ED7F1D44FE5ADC66E25 /* Pods-Integrated Tests.xcconfig */ = {isa = PBXFileReference; includeInIndex = 1; lastKnownFileType = text.xcconfig; name = "Pods-Integrated Tests.xcconfig"; path = "Pods/Pods-Integrated Tests.xcconfig"; sourceTree = SOURCE_ROOT; };
		DF9267BB8DD14986A1342B6D /* Pods-Unit Tests.xcconfig */ = {isa = PBXFileReference; includeInIndex = 1; lastKnownFileType = text.xcconfig; name = "Pods-Unit Tests.xcconfig"; path = "Pods/Pods-Unit Tests.xcconfig"; sourceTree = SOURCE_ROOT; };
/* End PBXFileReference section */

/* Begin PBXFrameworksBuildPhase section */
		947C468D165566850071139E /* Frameworks */ = {
			isa = PBXFrameworksBuildPhase;
			buildActionMask = 2147483647;
			files = (
				947C46A4165566A90071139E /* libBeehive.a in Frameworks */,
				947C4692165566850071139E /* SenTestingKit.framework in Frameworks */,
				947C4695165566850071139E /* Foundation.framework in Frameworks */,
				D7AED3375DB946999D658841 /* libPods-Integrated Tests.a in Frameworks */,
			);
			runOnlyForDeploymentPostprocessing = 0;
		};
		94ED2B7C1649A0A400D59570 /* Frameworks */ = {
			isa = PBXFrameworksBuildPhase;
			buildActionMask = 2147483647;
			files = (
				94ED2B831649A0A400D59570 /* Foundation.framework in Frameworks */,
				94F001D8164FF5A700865938 /* SenTestingKit.framework in Frameworks */,
			);
			runOnlyForDeploymentPostprocessing = 0;
		};
		94ED2B911649A0B800D59570 /* Frameworks */ = {
			isa = PBXFrameworksBuildPhase;
			buildActionMask = 2147483647;
			files = (
				948539E016514CA40010BF54 /* libBeehive.a in Frameworks */,
				94ED2B9A1649A0B800D59570 /* Foundation.framework in Frameworks */,
				94266FB5164EFA9B00BBC615 /* SenTestingKit.framework in Frameworks */,
				552E917CAD5641DE9EB051E3 /* libPods-Unit Tests.a in Frameworks */,
			);
			runOnlyForDeploymentPostprocessing = 0;
		};
/* End PBXFrameworksBuildPhase section */

/* Begin PBXGroup section */
		947C4696165566850071139E /* Integrated Tests */ = {
			isa = PBXGroup;
			children = (
				947C46AA165566DC0071139E /* BHVStructureSpec.m */,
				94E8DE0F1667F9CB00C8CAA2 /* BHVHooksSpec.m */,
				947C4697165566850071139E /* Supporting Files */,
			);
			path = "Integrated Tests";
			sourceTree = "<group>";
		};
		947C4697165566850071139E /* Supporting Files */ = {
			isa = PBXGroup;
			children = (
				947C4698165566850071139E /* Integrated Tests-Info.plist */,
				947C469F165566850071139E /* Integrated Tests-Prefix.pch */,
			);
			name = "Supporting Files";
			sourceTree = "<group>";
		};
		94ED2B741649A0A400D59570 = {
			isa = PBXGroup;
			children = (
				94ED2B841649A0A400D59570 /* Beehive */,
				94F116781654205C003DCD0C /* Unit Tests */,
				947C4696165566850071139E /* Integrated Tests */,
				94ED2B811649A0A400D59570 /* Frameworks */,
				94ED2B801649A0A400D59570 /* Products */,
				DF9267BB8DD14986A1342B6D /* Pods-Unit Tests.xcconfig */,
				CF135ED7F1D44FE5ADC66E25 /* Pods-Integrated Tests.xcconfig */,
			);
			sourceTree = "<group>";
		};
		94ED2B801649A0A400D59570 /* Products */ = {
			isa = PBXGroup;
			children = (
				94ED2B7F1649A0A400D59570 /* libBeehive.a */,
				94ED2B951649A0B800D59570 /* Unit Tests.octest */,
				947C4691165566850071139E /* Integrated Tests.octest */,
			);
			name = Products;
			sourceTree = "<group>";
		};
		94ED2B811649A0A400D59570 /* Frameworks */ = {
			isa = PBXGroup;
			children = (
				94ED2B821649A0A400D59570 /* Foundation.framework */,
				94266FB4164EFA9B00BBC615 /* SenTestingKit.framework */,
				65E660B506F740DCA72A54B1 /* libPods-Unit Tests.a */,
				C73FAFA800334CCCA0E5D34A /* libPods-Integrated Tests.a */,
			);
			name = Frameworks;
			sourceTree = "<group>";
		};
		94ED2B841649A0A400D59570 /* Beehive */ = {
			isa = PBXGroup;
			children = (
				94ED2B871649A0A400D59570 /* Beehive.h */,
				9471B0EB165E737E00754C6F /* BHVMacros.h */,
				94F001D5164FF58A00865938 /* BHVSpec.h */,
				94F001D6164FF58A00865938 /* BHVSpec.m */,
				94F001EB1650236400865938 /* BHVSuite.h */,
				94F001EC1650236400865938 /* BHVSuite.m */,
				948539E71651531C0010BF54 /* BHVInvocation.h */,
				948539E81651531C0010BF54 /* BHVInvocation.m */,
				94A5D2261666C26B00CFDAC3 /* BHVNodeVisitor.h */,
				9403759816656CC0008332F9 /* BHVNode.h */,
				9403759916656CC0008332F9 /* BHVNode.m */,
				9403759B166570E6008332F9 /* BHVContext.h */,
				9403759C166570E7008332F9 /* BHVContext.m */,
				94117FB21668D03500A8EA0E /* BHVExecutableNode.h */,
				94117FB31668D03500A8EA0E /* BHVExecutableNode.m */,
				94E8DE1B1667FC3B00C8CAA2 /* BHVHook.h */,
				94E8DE1C1667FC3B00C8CAA2 /* BHVHook.m */,
				9403759E166571AB008332F9 /* BHVExample.h */,
				9403759F166571AB008332F9 /* BHVExample.m */,
				94A5D2231666C13400CFDAC3 /* BHVExampleAccumulator.h */,
				94A5D2241666C13400CFDAC3 /* BHVExampleAccumulator.m */,
				94221BC41668EA100030BB99 /* BHVDSL.h */,
				94221BC51668EA100030BB99 /* BHVDSL.m */,
				94ED2B851649A0A400D59570 /* Supporting Files */,
			);
			path = Beehive;
			sourceTree = "<group>";
		};
		94ED2B851649A0A400D59570 /* Supporting Files */ = {
			isa = PBXGroup;
			children = (
				94ED2B861649A0A400D59570 /* Beehive-Prefix.pch */,
			);
			name = "Supporting Files";
			sourceTree = "<group>";
		};
		94F116781654205C003DCD0C /* Unit Tests */ = {
			isa = PBXGroup;
			children = (
				94F1167F1654205C003DCD0C /* BHVSpecTests.m */,
				94F116811654205C003DCD0C /* BHVSuiteTests.m */,
				94F1167C1654205C003DCD0C /* BHVInvocationTests.m */,
				94221BCB1668F6A40030BB99 /* BHVContextTests.m */,
				943D7383166806D20081863B /* BHVHookTests.m */,
				94A5D21D1666938D00CFDAC3 /* BHVExampleTests.m */,
				94A5D221166695FD00CFDAC3 /* BHVExampleAccumulatorTests.m */,
				94221BC81668EA1B0030BB99 /* BHVDSLTests.m */,
				94F1168E16542063003DCD0C /* Supporting Files */,
			);
			path = "Unit Tests";
			sourceTree = "<group>";
		};
		94F1168E16542063003DCD0C /* Supporting Files */ = {
			isa = PBXGroup;
			children = (
				94D97B84165D494700282ABE /* BHVTestHelper.h */,
				94D97B85165D494700282ABE /* BHVTestHelper.m */,
				94F116821654205C003DCD0C /* Unit Tests-Info.plist */,
				94F116831654205C003DCD0C /* Unit Tests-Prefix.pch */,
			);
			name = "Supporting Files";
			sourceTree = "<group>";
		};
/* End PBXGroup section */

/* Begin PBXNativeTarget section */
		947C4690165566850071139E /* Integrated Tests */ = {
			isa = PBXNativeTarget;
			buildConfigurationList = 947C46A2165566850071139E /* Build configuration list for PBXNativeTarget "Integrated Tests" */;
			buildPhases = (
				947C468C165566850071139E /* Sources */,
				947C468D165566850071139E /* Frameworks */,
				947C468E165566850071139E /* Resources */,
				947C468F165566850071139E /* ShellScript */,
				26B955BD015A4F8E86858917 /* Copy Pods Resources */,
			);
			buildRules = (
			);
			dependencies = (
				947C46A6165566AF0071139E /* PBXTargetDependency */,
				947C46A8165566B40071139E /* PBXTargetDependency */,
			);
			name = "Integrated Tests";
			productName = "Integrated Tests";
			productReference = 947C4691165566850071139E /* Integrated Tests.octest */;
			productType = "com.apple.product-type.bundle";
		};
		94ED2B7E1649A0A400D59570 /* Beehive */ = {
			isa = PBXNativeTarget;
			buildConfigurationList = 94ED2B8D1649A0A400D59570 /* Build configuration list for PBXNativeTarget "Beehive" */;
			buildPhases = (
				94ED2B7B1649A0A400D59570 /* Sources */,
				94ED2B7C1649A0A400D59570 /* Frameworks */,
				94ED2B7D1649A0A400D59570 /* CopyFiles */,
			);
			buildRules = (
			);
			dependencies = (
			);
			name = Beehive;
			productName = Beehive;
			productReference = 94ED2B7F1649A0A400D59570 /* libBeehive.a */;
			productType = "com.apple.product-type.library.static";
		};
		94ED2B941649A0B800D59570 /* Unit Tests */ = {
			isa = PBXNativeTarget;
			buildConfigurationList = 94ED2BA51649A0B800D59570 /* Build configuration list for PBXNativeTarget "Unit Tests" */;
			buildPhases = (
				94ED2B901649A0B800D59570 /* Sources */,
				94ED2B911649A0B800D59570 /* Frameworks */,
				94ED2B921649A0B800D59570 /* Resources */,
				94ED2B931649A0B800D59570 /* ShellScript */,
				7073903DA6084E81A6BD12AD /* Copy Pods Resources */,
			);
			buildRules = (
			);
			dependencies = (
				948539DF16514CA00010BF54 /* PBXTargetDependency */,
			);
			name = "Unit Tests";
			productName = Specs;
			productReference = 94ED2B951649A0B800D59570 /* Unit Tests.octest */;
			productType = "com.apple.product-type.bundle";
		};
/* End PBXNativeTarget section */

/* Begin PBXProject section */
		94ED2B761649A0A400D59570 /* Project object */ = {
			isa = PBXProject;
			attributes = {
				LastUpgradeCheck = 0450;
				ORGANIZATIONNAME = "Ryan Davies";
			};
			buildConfigurationList = 94ED2B791649A0A400D59570 /* Build configuration list for PBXProject "Beehive" */;
			compatibilityVersion = "Xcode 3.2";
			developmentRegion = English;
			hasScannedForEncodings = 0;
			knownRegions = (
				en,
			);
			mainGroup = 94ED2B741649A0A400D59570;
			productRefGroup = 94ED2B801649A0A400D59570 /* Products */;
			projectDirPath = "";
			projectRoot = "";
			targets = (
				94ED2B7E1649A0A400D59570 /* Beehive */,
				94ED2B941649A0B800D59570 /* Unit Tests */,
				947C4690165566850071139E /* Integrated Tests */,
			);
		};
/* End PBXProject section */

/* Begin PBXResourcesBuildPhase section */
		947C468E165566850071139E /* Resources */ = {
			isa = PBXResourcesBuildPhase;
			buildActionMask = 2147483647;
			files = (
			);
			runOnlyForDeploymentPostprocessing = 0;
		};
		94ED2B921649A0B800D59570 /* Resources */ = {
			isa = PBXResourcesBuildPhase;
			buildActionMask = 2147483647;
			files = (
			);
			runOnlyForDeploymentPostprocessing = 0;
		};
/* End PBXResourcesBuildPhase section */

/* Begin PBXShellScriptBuildPhase section */
		26B955BD015A4F8E86858917 /* Copy Pods Resources */ = {
			isa = PBXShellScriptBuildPhase;
			buildActionMask = 2147483647;
			files = (
			);
			inputPaths = (
			);
			name = "Copy Pods Resources";
			outputPaths = (
			);
			runOnlyForDeploymentPostprocessing = 0;
			shellPath = /bin/sh;
			shellScript = "\"${SRCROOT}/Pods/Pods-Integrated Tests-resources.sh\"\n";
		};
		7073903DA6084E81A6BD12AD /* Copy Pods Resources */ = {
			isa = PBXShellScriptBuildPhase;
			buildActionMask = 2147483647;
			files = (
			);
			inputPaths = (
			);
			name = "Copy Pods Resources";
			outputPaths = (
			);
			runOnlyForDeploymentPostprocessing = 0;
			shellPath = /bin/sh;
			shellScript = "\"${SRCROOT}/Pods/Pods-Unit Tests-resources.sh\"\n";
		};
		947C468F165566850071139E /* ShellScript */ = {
			isa = PBXShellScriptBuildPhase;
			buildActionMask = 2147483647;
			files = (
			);
			inputPaths = (
			);
			outputPaths = (
			);
			runOnlyForDeploymentPostprocessing = 0;
			shellPath = /bin/sh;
			shellScript = "# Run the unit tests in this test bundle.\n\"${SYSTEM_DEVELOPER_DIR}/Tools/RunUnitTests\"\n";
		};
		94ED2B931649A0B800D59570 /* ShellScript */ = {
			isa = PBXShellScriptBuildPhase;
			buildActionMask = 2147483647;
			files = (
			);
			inputPaths = (
			);
			outputPaths = (
			);
			runOnlyForDeploymentPostprocessing = 0;
			shellPath = /bin/sh;
			shellScript = "# Run the unit tests in this test bundle.\n\"${SYSTEM_DEVELOPER_DIR}/Tools/RunUnitTests\"\n";
		};
/* End PBXShellScriptBuildPhase section */

/* Begin PBXSourcesBuildPhase section */
		947C468C165566850071139E /* Sources */ = {
			isa = PBXSourcesBuildPhase;
			buildActionMask = 2147483647;
			files = (
				94D97ABA165D28C600282ABE /* BHVStructureSpec.m in Sources */,
				94E8DE101667F9CB00C8CAA2 /* BHVHooksSpec.m in Sources */,
			);
			runOnlyForDeploymentPostprocessing = 0;
		};
		94ED2B7B1649A0A400D59570 /* Sources */ = {
			isa = PBXSourcesBuildPhase;
			buildActionMask = 2147483647;
			files = (
				94F001D7164FF58A00865938 /* BHVSpec.m in Sources */,
				94F001ED1650236400865938 /* BHVSuite.m in Sources */,
				948539E91651531C0010BF54 /* BHVInvocation.m in Sources */,
				9403759A16656CC0008332F9 /* BHVNode.m in Sources */,
				9403759D166570E7008332F9 /* BHVContext.m in Sources */,
				940375A0166571AB008332F9 /* BHVExample.m in Sources */,
				94A5D2251666C13400CFDAC3 /* BHVExampleAccumulator.m in Sources */,
				94E8DE1D1667FC3B00C8CAA2 /* BHVHook.m in Sources */,
				94117FB41668D03500A8EA0E /* BHVExecutableNode.m in Sources */,
				94221BC61668EA100030BB99 /* BHVDSL.m in Sources */,
			);
			runOnlyForDeploymentPostprocessing = 0;
		};
		94ED2B901649A0B800D59570 /* Sources */ = {
			isa = PBXSourcesBuildPhase;
			buildActionMask = 2147483647;
			files = (
				94F116871654205C003DCD0C /* BHVInvocationTests.m in Sources */,
				94F1168A1654205C003DCD0C /* BHVSpecTests.m in Sources */,
				94F1168C1654205C003DCD0C /* BHVSuiteTests.m in Sources */,
				94D97B86165D494700282ABE /* BHVTestHelper.m in Sources */,
				94A5D21E1666938D00CFDAC3 /* BHVExampleTests.m in Sources */,
				94A5D222166695FD00CFDAC3 /* BHVExampleAccumulatorTests.m in Sources */,
				943D7384166806D20081863B /* BHVHookTests.m in Sources */,
				94221BC91668EA1B0030BB99 /* BHVDSLTests.m in Sources */,
				94221BCC1668F6A40030BB99 /* BHVContextTests.m in Sources */,
			);
			runOnlyForDeploymentPostprocessing = 0;
		};
/* End PBXSourcesBuildPhase section */

/* Begin PBXTargetDependency section */
		947C46A6165566AF0071139E /* PBXTargetDependency */ = {
			isa = PBXTargetDependency;
			target = 94ED2B7E1649A0A400D59570 /* Beehive */;
			targetProxy = 947C46A5165566AF0071139E /* PBXContainerItemProxy */;
		};
		947C46A8165566B40071139E /* PBXTargetDependency */ = {
			isa = PBXTargetDependency;
			target = 94ED2B941649A0B800D59570 /* Unit Tests */;
			targetProxy = 947C46A7165566B40071139E /* PBXContainerItemProxy */;
		};
		948539DF16514CA00010BF54 /* PBXTargetDependency */ = {
			isa = PBXTargetDependency;
			target = 94ED2B7E1649A0A400D59570 /* Beehive */;
			targetProxy = 948539DE16514CA00010BF54 /* PBXContainerItemProxy */;
		};
/* End PBXTargetDependency section */

/* Begin XCBuildConfiguration section */
		947C46A0165566850071139E /* Debug */ = {
			isa = XCBuildConfiguration;
			baseConfigurationReference = CF135ED7F1D44FE5ADC66E25 /* Pods-Integrated Tests.xcconfig */;
			buildSettings = {
				GCC_PRECOMPILE_PREFIX_HEADER = YES;
				GCC_PREFIX_HEADER = "Integrated Tests/Integrated Tests-Prefix.pch";
				INFOPLIST_FILE = "Integrated Tests/Integrated Tests-Info.plist";
				PRODUCT_NAME = "$(TARGET_NAME)";
				WRAPPER_EXTENSION = octest;
			};
			name = Debug;
		};
		947C46A1165566850071139E /* Release */ = {
			isa = XCBuildConfiguration;
			baseConfigurationReference = CF135ED7F1D44FE5ADC66E25 /* Pods-Integrated Tests.xcconfig */;
			buildSettings = {
				GCC_PRECOMPILE_PREFIX_HEADER = YES;
				GCC_PREFIX_HEADER = "Integrated Tests/Integrated Tests-Prefix.pch";
				INFOPLIST_FILE = "Integrated Tests/Integrated Tests-Info.plist";
				PRODUCT_NAME = "$(TARGET_NAME)";
				WRAPPER_EXTENSION = octest;
			};
			name = Release;
		};
		94ED2B8B1649A0A400D59570 /* Debug */ = {
			isa = XCBuildConfiguration;
			buildSettings = {
				ALWAYS_SEARCH_USER_PATHS = NO;
				CLANG_CXX_LANGUAGE_STANDARD = "gnu++0x";
				CLANG_CXX_LIBRARY = "libc++";
				CLANG_ENABLE_OBJC_ARC = YES;
				CLANG_WARN_EMPTY_BODY = YES;
				CLANG_WARN__DUPLICATE_METHOD_MATCH = YES;
				COPY_PHASE_STRIP = NO;
				GCC_C_LANGUAGE_STANDARD = gnu99;
				GCC_DYNAMIC_NO_PIC = NO;
				GCC_OPTIMIZATION_LEVEL = 0;
				GCC_PREPROCESSOR_DEFINITIONS = (
					"DEBUG=1",
					"$(inherited)",
				);
				GCC_SYMBOLS_PRIVATE_EXTERN = NO;
				GCC_WARN_ABOUT_RETURN_TYPE = YES;
				GCC_WARN_UNINITIALIZED_AUTOS = YES;
				GCC_WARN_UNUSED_VARIABLE = YES;
				IPHONEOS_DEPLOYMENT_TARGET = 6.0;
				ONLY_ACTIVE_ARCH = YES;
				SDKROOT = iphoneos;
			};
			name = Debug;
		};
		94ED2B8C1649A0A400D59570 /* Release */ = {
			isa = XCBuildConfiguration;
			buildSettings = {
				ALWAYS_SEARCH_USER_PATHS = NO;
				CLANG_CXX_LANGUAGE_STANDARD = "gnu++0x";
				CLANG_CXX_LIBRARY = "libc++";
				CLANG_ENABLE_OBJC_ARC = YES;
				CLANG_WARN_EMPTY_BODY = YES;
				CLANG_WARN__DUPLICATE_METHOD_MATCH = YES;
				COPY_PHASE_STRIP = YES;
				GCC_C_LANGUAGE_STANDARD = gnu99;
				GCC_WARN_ABOUT_RETURN_TYPE = YES;
				GCC_WARN_UNINITIALIZED_AUTOS = YES;
				GCC_WARN_UNUSED_VARIABLE = YES;
				IPHONEOS_DEPLOYMENT_TARGET = 6.0;
				SDKROOT = iphoneos;
				VALIDATE_PRODUCT = YES;
			};
			name = Release;
		};
		94ED2B8E1649A0A400D59570 /* Debug */ = {
			isa = XCBuildConfiguration;
			buildSettings = {
				DSTROOT = /tmp/Beehive.dst;
				FRAMEWORK_SEARCH_PATHS = (
					"$(inherited)",
					"\"$(SYSTEM_APPS_DIR)/Xcode.app/Contents/Developer/Library/Frameworks\"",
				);
				GCC_PRECOMPILE_PREFIX_HEADER = YES;
				GCC_PREFIX_HEADER = "Beehive/Beehive-Prefix.pch";
				PRODUCT_NAME = "$(TARGET_NAME)";
				SKIP_INSTALL = YES;
			};
			name = Debug;
		};
		94ED2B8F1649A0A400D59570 /* Release */ = {
			isa = XCBuildConfiguration;
			buildSettings = {
				DSTROOT = /tmp/Beehive.dst;
				FRAMEWORK_SEARCH_PATHS = (
					"$(inherited)",
					"\"$(SYSTEM_APPS_DIR)/Xcode.app/Contents/Developer/Library/Frameworks\"",
				);
				GCC_PRECOMPILE_PREFIX_HEADER = YES;
				GCC_PREFIX_HEADER = "Beehive/Beehive-Prefix.pch";
				PRODUCT_NAME = "$(TARGET_NAME)";
				SKIP_INSTALL = YES;
			};
			name = Release;
		};
		94ED2BA61649A0B800D59570 /* Debug */ = {
			isa = XCBuildConfiguration;
			baseConfigurationReference = DF9267BB8DD14986A1342B6D /* Pods-Unit Tests.xcconfig */;
			buildSettings = {
				FRAMEWORK_SEARCH_PATHS = (
					"\"$(SDKROOT)/Developer/Library/Frameworks\"",
					"\"$(DEVELOPER_LIBRARY_DIR)/Frameworks\"",
				);
				GCC_PREFIX_HEADER = "Unit Tests/Unit Tests-Prefix.pch";
				INFOPLIST_FILE = "Unit Tests/Unit Tests-Info.plist";
				PRODUCT_NAME = "$(TARGET_NAME)";
				WRAPPER_EXTENSION = octest;
			};
			name = Debug;
		};
		94ED2BA71649A0B800D59570 /* Release */ = {
			isa = XCBuildConfiguration;
			baseConfigurationReference = DF9267BB8DD14986A1342B6D /* Pods-Unit Tests.xcconfig */;
			buildSettings = {
				FRAMEWORK_SEARCH_PATHS = (
					"\"$(SDKROOT)/Developer/Library/Frameworks\"",
					"\"$(DEVELOPER_LIBRARY_DIR)/Frameworks\"",
				);
				GCC_PREFIX_HEADER = "Unit Tests/Unit Tests-Prefix.pch";
				INFOPLIST_FILE = "Unit Tests/Unit Tests-Info.plist";
				PRODUCT_NAME = "$(TARGET_NAME)";
				WRAPPER_EXTENSION = octest;
			};
			name = Release;
		};
/* End XCBuildConfiguration section */

/* Begin XCConfigurationList section */
		947C46A2165566850071139E /* Build configuration list for PBXNativeTarget "Integrated Tests" */ = {
			isa = XCConfigurationList;
			buildConfigurations = (
				947C46A0165566850071139E /* Debug */,
				947C46A1165566850071139E /* Release */,
			);
			defaultConfigurationIsVisible = 0;
			defaultConfigurationName = Release;
		};
		94ED2B791649A0A400D59570 /* Build configuration list for PBXProject "Beehive" */ = {
			isa = XCConfigurationList;
			buildConfigurations = (
				94ED2B8B1649A0A400D59570 /* Debug */,
				94ED2B8C1649A0A400D59570 /* Release */,
			);
			defaultConfigurationIsVisible = 0;
			defaultConfigurationName = Release;
		};
		94ED2B8D1649A0A400D59570 /* Build configuration list for PBXNativeTarget "Beehive" */ = {
			isa = XCConfigurationList;
			buildConfigurations = (
				94ED2B8E1649A0A400D59570 /* Debug */,
				94ED2B8F1649A0A400D59570 /* Release */,
			);
			defaultConfigurationIsVisible = 0;
			defaultConfigurationName = Release;
		};
		94ED2BA51649A0B800D59570 /* Build configuration list for PBXNativeTarget "Unit Tests" */ = {
			isa = XCConfigurationList;
			buildConfigurations = (
				94ED2BA61649A0B800D59570 /* Debug */,
				94ED2BA71649A0B800D59570 /* Release */,
			);
			defaultConfigurationIsVisible = 0;
			defaultConfigurationName = Release;
		};
/* End XCConfigurationList section */
	};
	rootObject = 94ED2B761649A0A400D59570 /* Project object */;
}
